lockfileVersion: '9.0'

settings:
  autoInstallPeers: true
  excludeLinksFromLockfile: false

importers:

  .:
    dependencies:
      '@modelcontextprotocol/server':
        specifier: 2.0.0
        version: 2.0.0
      image-size:
        specifier: 2.0.2
        version: 2.0.2
      zod:
        specifier: 4.4.3
        version: 4.4.3

packages:

  '@modelcontextprotocol/core@2.0.0':
    resolution: {integrity: sha512-pJCEwGG7Lfr/+PQp9ZTwKXNeO5wzbfKL7H3MYpCorM4oFBoQrdjnBgEoqG+RjhsvS1FKrDbKux+M1HhlnGWqcA==}
    engines: {node: '>=20'}

  '@modelcontextprotocol/server@2.0.0':
    resolution: {integrity: sha512-YhHWdHfpFMQfd0prsEnxKeS3Qz3ytIGmsS0sth4KDjnacIT7hxk6hXHkJ9KysxlkvTM+WZAtQbbcUhdoP4Hvtw==}
    engines: {node: '>=20'}

  image-size@2.0.2:
    resolution: {integrity: sha512-IRqXKlaXwgSMAMtpNzZa1ZAe8m+Sa1770Dhk8VkSsP9LS+iHD62Zd8FQKs8fbPiagBE7BzoFX23cxFnwshpV6w==}
    engines: {node: '>=16.x'}
    hasBin: true

  zod@4.4.3:
    resolution: {integrity: sha512-ytENFjIJFl2UwYglde2jchW2Hwm4GJFLDiSXWdTrJQBIN9Fcyp7n4DhxJEiWNAJMV1/BqWfW/kkg71UDcHJyTQ==}

snapshots:

  '@modelcontextprotocol/core@2.0.0':
    dependencies:
      zod: 4.4.3

  '@modelcontextprotocol/server@2.0.0':
    dependencies:
      '@modelcontextprotocol/core': 2.0.0
      zod: 4.4.3

  image-size@2.0.2: {}

  zod@4.4.3: {}
